
Microsoft Visual Studio Solution File, Format Version 12.00
# Visual Studio Version 17
VisualStudioVersion = 17.14.36408.4
MinimumVisualStudioVersion = 10.0.40219.1
Project("{FAE04EC0-301F-11D3-BF4B-00C04F79EFBC}") = "TwinAgentsNetwork", "TwinAgentsNetwork.csproj", "{3B64806F-43D5-4497-B8D9-BAA59A182D3A}"
EndProject
Project("{FAE04EC0-301F-11D3-BF4B-00C04F79EFBC}") = "TwinAgentsNetworkTests", "..\TwinAgentsNetworkTests\TwinAgentsNetworkTests.csproj", "{850B2880-DBAF-445C-AF67-C1945B42A89E}"
EndProject
Global
	GlobalSection(SolutionConfigurationPlatforms) = preSolution
		Debug|Any CPU = Debug|Any CPU
		Release|Any CPU = Release|Any CPU
	EndGlobalSection
	GlobalSection(ProjectConfigurationPlatforms) = postSolution
		{3B64806F-43D5-4497-B8D9-BAA59A182D3A}.Debug|Any CPU.ActiveCfg = Debug|Any CPU
		{3B64806F-43D5-4497-B8D9-BAA59A182D3A}.Debug|Any CPU.Build.0 = Debug|Any CPU
		{3B64806F-43D5-4497-B8D9-BAA59A182D3A}.Release|Any CPU.ActiveCfg = Release|Any CPU
		{3B64806F-43D5-4497-B8D9-BAA59A182D3A}.Release|Any CPU.Build.0 = Release|Any CPU
		{850B2880-DBAF-445C-AF67-C1945B42A89E}.Debug|Any CPU.ActiveCfg = Debug|Any CPU
		{850B2880-DBAF-445C-AF67-C1945B42A89E}.Debug|Any CPU.Build.0 = Debug|Any CPU
		{850B2880-DBAF-445C-AF67-C1945B42A89E}.Release|Any CPU.ActiveCfg = Release|Any CPU
		{850B2880-DBAF-445C-AF67-C1945B42A89E}.Release|Any CPU.Build.0 = Release|Any CPU
	EndGlobalSection
	GlobalSection(SolutionProperties) = preSolution
		HideSolutionNode = FALSE
	EndGlobalSection
	GlobalSection(ExtensibilityGlobals) = postSolution
		SolutionGuid = {186CC71B-1157-4302-A354-45984ED1FD83}
	EndGlobalSection
EndGlobal
